
Microsoft Visual Studio Solution File, Format Version 12.00
# Visual Studio 15
VisualStudioVersion = 15.0.27004.2009
MinimumVisualStudioVersion = 10.0.40219.1
Project("{FAE04EC0-301F-11D3-BF4B-00C04F79EFBC}") = "Syringe app", "Syringe app\Syringe app.csproj", "{12CF0426-0954-4A49-A415-E8D8A8D11AF0}"
EndProject
Global
	GlobalSection(SolutionConfigurationPlatforms) = preSolution
		Debug|Any CPU = Debug|Any CPU
		Release|Any CPU = Release|Any CPU
	EndGlobalSection
	GlobalSection(ProjectConfigurationPlatforms) = postSolution
		{12CF0426-0954-4A49-A415-E8D8A8D11AF0}.Debug|Any CPU.ActiveCfg = Debug|Any CPU
		{12CF0426-0954-4A49-A415-E8D8A8D11AF0}.Debug|Any CPU.Build.0 = Debug|Any CPU
		{12CF0426-0954-4A49-A415-E8D8A8D11AF0}.Release|Any CPU.ActiveCfg = Release|Any CPU
		{12CF0426-0954-4A49-A415-E8D8A8D11AF0}.Release|Any CPU.Build.0 = Release|Any CPU
	EndGlobalSection
	GlobalSection(SolutionProperties) = preSolution
		HideSolutionNode = FALSE
	EndGlobalSection
	GlobalSection(ExtensibilityGlobals) = postSolution
		SolutionGuid = {C268505D-8F63-4905-8431-004049233D1A}
	EndGlobalSection
EndGlobal
